{
  "name": "coffee-shop",
  "version": "0.1.0",
  "lockfileVersion": 1,
  "requires": true,
  "dependencies": {
    "@types/prop-types": {
      "version": "15.7.10",
      "resolved": "https://registry.npmjs.org/@types/prop-types/-/prop-types-15.7.10.tgz",
      "integrity": "sha512-mxSnDQxPqsZxmeShFH+uwQ4kO4gcJcGahjjMFeLbKE95IAZiiZyiEepGZjtXJ7hN/yfu0bu9xN2ajcU0JcxX6A==",
      "dev": true
    },
    "@types/react": {
      "version": "18.2.37",
      "resolved": "https://registry.npmjs.org/@types/react/-/react-18.2.37.tgz",
      "integrity": "sha512-RGAYMi2bhRgEXT3f4B92WTohopH6bIXw05FuGlmJEnv/omEn190+QYEIYxIAuIBdKgboYYdVved2p1AxZVQnaw==",
      "dev": true,
      "requires": {
        "@types/prop-types": "*",
        "@types/scheduler": "*",
        "csstype": "^3.0.2"
      }
    },
    "@types/scheduler": {
      "version": "0.16.6",
      "resolved": "https://registry.npmjs.org/@types/scheduler/-/scheduler-0.16.6.tgz",
      "integrity": "sha512-Vlktnchmkylvc9SnwwwozTv04L/e1NykF5vgoQ0XTmI8DD+wxfjQuHuvHS3p0r2jz2x2ghPs2h1FVeDirIteWA==",
      "dev": true
    },
    "csstype": {
      "version": "3.1.2",
      "resolved": "https://registry.npmjs.org/csstype/-/csstype-3.1.2.tgz",
      "integrity": "sha512-I7K1Uu0MBPzaFKg4nI5Q7Vs2t+3gWWW648spaF+Rg7pI9ds18Ugn+lvg4SHczUdKlHI5LWBXyqfS8+DufyBsgQ==",
      "dev": true
    },
    "@next/swc-darwin-arm64": {
      "version": "13.5.5",
      "resolved": "https://registry.npmjs.org/@next/swc-darwin-arm64/-/swc-darwin-arm64-13.5.5.tgz",
      "integrity": "sha512-FvTdcJdTA7H1FGY8dKPPbf/O0oDC041/znHZwXA7liiGUhgw5hOQ+9z8tWvuz0M5a/SDjY/IRPBAb5FIFogYww==",
      "optional": true
    },
    "@next/swc-darwin-x64": {
      "version": "13.5.5",
      "resolved": "https://registry.npmjs.org/@next/swc-darwin-x64/-/swc-darwin-x64-13.5.5.tgz",
      "integrity": "sha512-mTqNIecaojmyia7appVO2QggBe1Z2fdzxgn6jb3x9qlAk8yY2sy4MAcsj71kC9RlenCqDmr9vtC/ESFf110TPA==",
      "optional": true
    },
    "@next/swc-linux-arm64-gnu": {
      "version": "13.5.5",
      "resolved": "https://registry.npmjs.org/@next/swc-linux-arm64-gnu/-/swc-linux-arm64-gnu-13.5.5.tgz",
      "integrity": "sha512-U9e+kNkfvwh/T8yo+xcslvNXgyMzPPX1IbwCwnHHFmX5ckb1Uc3XZSInNjFQEQR5xhJpB5sFdal+IiBIiLYkZA==",
      "optional": true
    },
    "@next/swc-linux-arm64-musl": {
      "version": "13.5.5",
      "resolved": "https://registry.npmjs.org/@next/swc-linux-arm64-musl/-/swc-linux-arm64-musl-13.5.5.tgz",
      "integrity": "sha512-h7b58eIoNCSmKVC5fr167U0HWZ/yGLbkKD9wIller0nGdyl5zfTji0SsPKJvrG8jvKPFt2xOkVBmXlFOtuKynw==",
      "optional": true
    },
    "@next/swc-linux-x64-gnu": {
      "version": "13.5.5",
      "resolved": "https://registry.npmjs.org/@next/swc-linux-x64-gnu/-/swc-linux-x64-gnu-13.5.5.tgz",
      "integrity": "sha512-6U4y21T1J6FfcpM9uqzBJicxycpB5gJKLyQ3g6KOfBzT8H1sMwfHTRrvHKB09GIn1BCRy5YJHrA1G26DzqR46w==",
      "optional": true
    },
    "@next/swc-linux-x64-musl": {
      "version": "13.5.5",
      "resolved": "https://registry.npmjs.org/@next/swc-linux-x64-musl/-/swc-linux-x64-musl-13.5.5.tgz",
      "integrity": "sha512-OuqWSAQHJQM2EsapPFTSU/FLQ0wKm7UeRNatiR/jLeCe1V02aB9xmzuWYo2Neaxxag4rss3S8fj+lvMLzwDaFA==",
      "optional": true
    },
    "@next/swc-win32-arm64-msvc": {
      "version": "13.5.5",
      "resolved": "https://registry.npmjs.org/@next/swc-win32-arm64-msvc/-/swc-win32-arm64-msvc-13.5.5.tgz",
      "integrity": "sha512-+yLrOZIIZDY4uGn9bLOc0wTgs+M8RuOUFSUK3BhmcLav9e+tcAj0jyBHD4aXv2qWhppUeuYMsyBo1I58/eE6Dg==",
      "optional": true
    },
    "@next/swc-win32-ia32-msvc": {
      "version": "13.5.5",
      "resolved": "https://registry.npmjs.org/@next/swc-win32-ia32-msvc/-/swc-win32-ia32-msvc-13.5.5.tgz",
      "integrity": "sha512-SyMxXyJtf9ScMH0Dh87THJMXNFvfkRAk841xyW9SeOX3KxM1buXX3hN7vof4kMGk0Yg996OGsX+7C9ueS8ugsw==",
      "optional": true
    },
    "@next/swc-win32-x64-msvc": {
      "version": "13.5.5",
      "resolved": "https://registry.npmjs.org/@next/swc-win32-x64-msvc/-/swc-win32-x64-msvc-13.5.5.tgz",
      "integrity": "sha512-n5KVf2Ok0BbLwofAaHiiKf+BQCj1M8WmTujiER4/qzYAVngnsNSjqEWvJ03raeN9eURqxDO+yL5VRoDrR33H9A==",
      "optional": true
    }
  }
}
